
Microsoft Visual Studio Solution File, Format Version 12.00
# Visual Studio Version 17
VisualStudioVersion = 17.5.33414.496
MinimumVisualStudioVersion = 10.0.40219.1
Project("{FAE04EC0-301F-11D3-BF4B-00C04F79EFBC}") = "tb_workerservice", "tb_workerservice\tb_workerservice.csproj", "{AABE0081-E72B-4D19-9224-243A6EC8A6D8}"
EndProject
Global
	GlobalSection(SolutionConfigurationPlatforms) = preSolution
		Debug|Any CPU = Debug|Any CPU
		Release|Any CPU = Release|Any CPU
	EndGlobalSection
	GlobalSection(ProjectConfigurationPlatforms) = postSolution
		{AABE0081-E72B-4D19-9224-243A6EC8A6D8}.Debug|Any CPU.ActiveCfg = Debug|Any CPU
		{AABE0081-E72B-4D19-9224-243A6EC8A6D8}.Debug|Any CPU.Build.0 = Debug|Any CPU
		{AABE0081-E72B-4D19-9224-243A6EC8A6D8}.Release|Any CPU.ActiveCfg = Release|Any CPU
		{AABE0081-E72B-4D19-9224-243A6EC8A6D8}.Release|Any CPU.Build.0 = Release|Any CPU
	EndGlobalSection
	GlobalSection(SolutionProperties) = preSolution
		HideSolutionNode = FALSE
	EndGlobalSection
	GlobalSection(ExtensibilityGlobals) = postSolution
		SolutionGuid = {6D4AEDA0-D896-4B8E-A007-E7C32023EAD2}
	EndGlobalSection
EndGlobal
